
Microsoft Visual Studio Solution File, Format Version 12.00
# Visual Studio 14
VisualStudioVersion = 14.0.25420.1
MinimumVisualStudioVersion = 10.0.40219.1
Project("{FAE04EC0-301F-11D3-BF4B-00C04F79EFBC}") = "Contact", "Contact\Contact.csproj", "{EF60DBA7-ED61-4DA7-B069-1C1435B20BC2}"
EndProject
Project("{FAE04EC0-301F-11D3-BF4B-00C04F79EFBC}") = "Contact.Tests", "Contact.Tests\Contact.Tests.csproj", "{E675D380-F6DE-43C8-9501-F84E78D5A33F}"
EndProject
Project("{FAE04EC0-301F-11D3-BF4B-00C04F79EFBC}") = "Contact.Core", "Contact.Core\Contact.Core.csproj", "{A2178725-DCCD-4D8E-B039-9EACD90E4CBB}"
EndProject
Project("{FAE04EC0-301F-11D3-BF4B-00C04F79EFBC}") = "Contact.DataAccess", "Contact.DataAccess\Contact.DataAccess.csproj", "{456CDE3B-85F1-4EE7-8DD4-79774700FB82}"
EndProject
Global
	GlobalSection(SolutionConfigurationPlatforms) = preSolution
		Debug|Any CPU = Debug|Any CPU
		Release|Any CPU = Release|Any CPU
	EndGlobalSection
	GlobalSection(ProjectConfigurationPlatforms) = postSolution
		{EF60DBA7-ED61-4DA7-B069-1C1435B20BC2}.Debug|Any CPU.ActiveCfg = Debug|Any CPU
		{EF60DBA7-ED61-4DA7-B069-1C1435B20BC2}.Debug|Any CPU.Build.0 = Debug|Any CPU
		{EF60DBA7-ED61-4DA7-B069-1C1435B20BC2}.Release|Any CPU.ActiveCfg = Release|Any CPU
		{EF60DBA7-ED61-4DA7-B069-1C1435B20BC2}.Release|Any CPU.Build.0 = Release|Any CPU
		{E675D380-F6DE-43C8-9501-F84E78D5A33F}.Debug|Any CPU.ActiveCfg = Debug|Any CPU
		{E675D380-F6DE-43C8-9501-F84E78D5A33F}.Debug|Any CPU.Build.0 = Debug|Any CPU
		{E675D380-F6DE-43C8-9501-F84E78D5A33F}.Release|Any CPU.ActiveCfg = Release|Any CPU
		{E675D380-F6DE-43C8-9501-F84E78D5A33F}.Release|Any CPU.Build.0 = Release|Any CPU
		{A2178725-DCCD-4D8E-B039-9EACD90E4CBB}.Debug|Any CPU.ActiveCfg = Debug|Any CPU
		{A2178725-DCCD-4D8E-B039-9EACD90E4CBB}.Debug|Any CPU.Build.0 = Debug|Any CPU
		{A2178725-DCCD-4D8E-B039-9EACD90E4CBB}.Release|Any CPU.ActiveCfg = Release|Any CPU
		{A2178725-DCCD-4D8E-B039-9EACD90E4CBB}.Release|Any CPU.Build.0 = Release|Any CPU
		{456CDE3B-85F1-4EE7-8DD4-79774700FB82}.Debug|Any CPU.ActiveCfg = Debug|Any CPU
		{456CDE3B-85F1-4EE7-8DD4-79774700FB82}.Debug|Any CPU.Build.0 = Debug|Any CPU
		{456CDE3B-85F1-4EE7-8DD4-79774700FB82}.Release|Any CPU.ActiveCfg = Release|Any CPU
		{456CDE3B-85F1-4EE7-8DD4-79774700FB82}.Release|Any CPU.Build.0 = Release|Any CPU
	EndGlobalSection
	GlobalSection(SolutionProperties) = preSolution
		HideSolutionNode = FALSE
	EndGlobalSection
EndGlobal
